<?xml version="1.0" encoding="utf-8"?>
<Project ToolsVersion="17.0" xmlns="http://schemas.microsoft.com/developer/msbuild/2003">
  <ItemGroup>
    <CustomBuild Include="C:\Users\pearu\Documents\GitHub\yapb-ML\BotsProjects\yapb\build_release\CMakeFiles\31b69ba28ea896eb217d524a943c2386\INSTALL_force.rule">
      <Filter>CMake Rules</Filter>
    </CustomBuild>
  </ItemGroup>
  <ItemGroup>
    <Filter Include="CMake Rules">
      <UniqueIdentifier>{0885B13F-ABE4-3834-B9B8-E578EAE7CCD7}</UniqueIdentifier>
    </Filter>
  </ItemGroup>
</Project>
